
Microsoft Visual Studio Solution File, Format Version 12.00
# Visual Studio Version 17
VisualStudioVersion = 17.14.36301.6
MinimumVisualStudioVersion = 10.0.40219.1
Project("{FAE04EC0-301F-11D3-BF4B-00C04F79EFBC}") = "AuhtServer.Api", "AuhtServer.Api\AuhtServer.Api.csproj", "{2C800F99-DE3D-41B0-A818-623CF487D3BA}"
EndProject
Project("{2150E333-8FDC-42A3-9474-1A3956D46DE8}") = "src", "src", "{02EA681E-C7D8-13C7-8484-4AC65E1B71E8}"
EndProject
Project("{2150E333-8FDC-42A3-9474-1A3956D46DE8}") = "AuthServer", "AuthServer", "{5370DF8D-B31E-4938-A5A4-4008A4D4D74A}"
EndProject
Project("{FAE04EC0-301F-11D3-BF4B-00C04F79EFBC}") = "AuthServer.Domain", "AuthServerDomain\AuthServer.Domain.csproj", "{7EB07EAF-81E2-4AF4-A1A8-21F83A374630}"
EndProject
Project("{FAE04EC0-301F-11D3-BF4B-00C04F79EFBC}") = "Authserver.Application", "Authserver.Application\Authserver.Application.csproj", "{AC49A1B5-263E-42DE-8FFC-D7919F453148}"
EndProject
Project("{FAE04EC0-301F-11D3-BF4B-00C04F79EFBC}") = "Authserver.Infrastructure", "Authserver.Infrıastructure\Authserver.Infrastructure.csproj", "{817D11A4-7EA6-4F06-B3CC-2FC8898EF854}"
EndProject
Project("{FAE04EC0-301F-11D3-BF4B-00C04F79EFBC}") = "SharedLibrary", "SharedLibrary\SharedLibrary.csproj", "{8EE17DB2-37A6-4465-9BF1-B70B6D4C9857}"
EndProject
Project("{2150E333-8FDC-42A3-9474-1A3956D46DE8}") = "Order", "Order", "{4466A454-5052-4CE4-9FC8-DCE0B92D94AA}"
EndProject
Project("{2150E333-8FDC-42A3-9474-1A3956D46DE8}") = "Product", "Product", "{CFFC4174-6BAA-4163-BED7-A0C8AF5686B6}"
EndProject
Project("{2150E333-8FDC-42A3-9474-1A3956D46DE8}") = "Customer", "Customer", "{87531728-8BFD-4ACF-9AAF-4356B5BA1937}"
EndProject
Project("{FAE04EC0-301F-11D3-BF4B-00C04F79EFBC}") = "Customer.Domain", "Customer.Domain\Customer.Domain.csproj", "{B6742469-1A2B-4A19-B9F6-53A92B4C4B9F}"
EndProject
Project("{FAE04EC0-301F-11D3-BF4B-00C04F79EFBC}") = "Customer.Application", "Customer.Application\Customer.Application.csproj", "{E5453EDF-9438-4F57-81CC-0E2BE4F7C4A2}"
EndProject
Project("{FAE04EC0-301F-11D3-BF4B-00C04F79EFBC}") = "Customer.Infrastructure", "Customer.Infrastructure\Customer.Infrastructure.csproj", "{6124E910-2F1B-46C7-BB74-F3502ED13271}"
EndProject
Project("{FAE04EC0-301F-11D3-BF4B-00C04F79EFBC}") = "Order.Domain", "Order.Domain\Order.Domain.csproj", "{DB94CF3E-C0E9-4662-A69A-655813D0E2A8}"
EndProject
Project("{FAE04EC0-301F-11D3-BF4B-00C04F79EFBC}") = "Order.Application", "Order.Application\Order.Application.csproj", "{E490B15D-57AD-4E58-A84A-D0FEED7735C4}"
EndProject
Project("{FAE04EC0-301F-11D3-BF4B-00C04F79EFBC}") = "Customer.Api", "Customer.Api\Customer.Api.csproj", "{E858F4C1-0AEA-47A5-9A8F-FBC59E7254E1}"
EndProject
Project("{FAE04EC0-301F-11D3-BF4B-00C04F79EFBC}") = "Order.Api", "Order.Api\Order.Api.csproj", "{F3BDBCBE-B6F2-4412-BCD4-3A3EA83A4BA7}"
EndProject
Project("{FAE04EC0-301F-11D3-BF4B-00C04F79EFBC}") = "Product.Api", "Product.Api\Product.Api.csproj", "{D651E87B-80C7-4D99-BADE-1BF32C6F2FED}"
EndProject
Project("{FAE04EC0-301F-11D3-BF4B-00C04F79EFBC}") = "Product.Infrastructure", "Product.Infrastructure\Product.Infrastructure.csproj", "{23D7F9EB-A17A-473B-9978-9A2AAC6AB3B9}"
EndProject
Project("{FAE04EC0-301F-11D3-BF4B-00C04F79EFBC}") = "Product.Application", "Product.Application\Product.Application.csproj", "{CBE35140-A6D2-407A-83FA-671309F8B97E}"
EndProject
Project("{FAE04EC0-301F-11D3-BF4B-00C04F79EFBC}") = "Product.Domain", "Product.Domain\Product.Domain.csproj", "{47F83EBE-C616-4288-8A3A-8B2F08568C0A}"
EndProject
Project("{2150E333-8FDC-42A3-9474-1A3956D46DE8}") = "Docker", "Docker", "{F47EBFFE-FE84-404C-88EE-A2FCE37F2146}"
EndProject
Project("{FAE04EC0-301F-11D3-BF4B-00C04F79EFBC}") = "Order.Infrastructures", "..\Order.Infrastructures\Order.Infrastructures.csproj", "{CADAB839-56BE-4355-B22D-C7C2AF616F51}"
EndProject
Project("{E53339B2-1760-4266-BCC7-CA923CBCF16C}") = "docker-compose", "docker-compose.dcproj", "{81DDED9D-158B-E303-5F62-77A2896D2A5A}"
EndProject
Global
	GlobalSection(SolutionConfigurationPlatforms) = preSolution
		Debug|Any CPU = Debug|Any CPU
		Release|Any CPU = Release|Any CPU
	EndGlobalSection
	GlobalSection(ProjectConfigurationPlatforms) = postSolution
		{2C800F99-DE3D-41B0-A818-623CF487D3BA}.Debug|Any CPU.ActiveCfg = Debug|Any CPU
		{2C800F99-DE3D-41B0-A818-623CF487D3BA}.Debug|Any CPU.Build.0 = Debug|Any CPU
		{2C800F99-DE3D-41B0-A818-623CF487D3BA}.Release|Any CPU.ActiveCfg = Release|Any CPU
		{2C800F99-DE3D-41B0-A818-623CF487D3BA}.Release|Any CPU.Build.0 = Release|Any CPU
		{7EB07EAF-81E2-4AF4-A1A8-21F83A374630}.Debug|Any CPU.ActiveCfg = Debug|Any CPU
		{7EB07EAF-81E2-4AF4-A1A8-21F83A374630}.Debug|Any CPU.Build.0 = Debug|Any CPU
		{7EB07EAF-81E2-4AF4-A1A8-21F83A374630}.Release|Any CPU.ActiveCfg = Release|Any CPU
		{7EB07EAF-81E2-4AF4-A1A8-21F83A374630}.Release|Any CPU.Build.0 = Release|Any CPU
		{AC49A1B5-263E-42DE-8FFC-D7919F453148}.Debug|Any CPU.ActiveCfg = Debug|Any CPU
		{AC49A1B5-263E-42DE-8FFC-D7919F453148}.Debug|Any CPU.Build.0 = Debug|Any CPU
		{AC49A1B5-263E-42DE-8FFC-D7919F453148}.Release|Any CPU.ActiveCfg = Release|Any CPU
		{AC49A1B5-263E-42DE-8FFC-D7919F453148}.Release|Any CPU.Build.0 = Release|Any CPU
		{817D11A4-7EA6-4F06-B3CC-2FC8898EF854}.Debug|Any CPU.ActiveCfg = Debug|Any CPU
		{817D11A4-7EA6-4F06-B3CC-2FC8898EF854}.Debug|Any CPU.Build.0 = Debug|Any CPU
		{817D11A4-7EA6-4F06-B3CC-2FC8898EF854}.Release|Any CPU.ActiveCfg = Release|Any CPU
		{817D11A4-7EA6-4F06-B3CC-2FC8898EF854}.Release|Any CPU.Build.0 = Release|Any CPU
		{8EE17DB2-37A6-4465-9BF1-B70B6D4C9857}.Debug|Any CPU.ActiveCfg = Debug|Any CPU
		{8EE17DB2-37A6-4465-9BF1-B70B6D4C9857}.Debug|Any CPU.Build.0 = Debug|Any CPU
		{8EE17DB2-37A6-4465-9BF1-B70B6D4C9857}.Release|Any CPU.ActiveCfg = Release|Any CPU
		{8EE17DB2-37A6-4465-9BF1-B70B6D4C9857}.Release|Any CPU.Build.0 = Release|Any CPU
		{B6742469-1A2B-4A19-B9F6-53A92B4C4B9F}.Debug|Any CPU.ActiveCfg = Debug|Any CPU
		{B6742469-1A2B-4A19-B9F6-53A92B4C4B9F}.Debug|Any CPU.Build.0 = Debug|Any CPU
		{B6742469-1A2B-4A19-B9F6-53A92B4C4B9F}.Release|Any CPU.ActiveCfg = Release|Any CPU
		{B6742469-1A2B-4A19-B9F6-53A92B4C4B9F}.Release|Any CPU.Build.0 = Release|Any CPU
		{E5453EDF-9438-4F57-81CC-0E2BE4F7C4A2}.Debug|Any CPU.ActiveCfg = Debug|Any CPU
		{E5453EDF-9438-4F57-81CC-0E2BE4F7C4A2}.Debug|Any CPU.Build.0 = Debug|Any CPU
		{E5453EDF-9438-4F57-81CC-0E2BE4F7C4A2}.Release|Any CPU.ActiveCfg = Release|Any CPU
		{E5453EDF-9438-4F57-81CC-0E2BE4F7C4A2}.Release|Any CPU.Build.0 = Release|Any CPU
		{6124E910-2F1B-46C7-BB74-F3502ED13271}.Debug|Any CPU.ActiveCfg = Debug|Any CPU
		{6124E910-2F1B-46C7-BB74-F3502ED13271}.Debug|Any CPU.Build.0 = Debug|Any CPU
		{6124E910-2F1B-46C7-BB74-F3502ED13271}.Release|Any CPU.ActiveCfg = Release|Any CPU
		{6124E910-2F1B-46C7-BB74-F3502ED13271}.Release|Any CPU.Build.0 = Release|Any CPU
		{DB94CF3E-C0E9-4662-A69A-655813D0E2A8}.Debug|Any CPU.ActiveCfg = Debug|Any CPU
		{DB94CF3E-C0E9-4662-A69A-655813D0E2A8}.Debug|Any CPU.Build.0 = Debug|Any CPU
		{DB94CF3E-C0E9-4662-A69A-655813D0E2A8}.Release|Any CPU.ActiveCfg = Release|Any CPU
		{DB94CF3E-C0E9-4662-A69A-655813D0E2A8}.Release|Any CPU.Build.0 = Release|Any CPU
		{E490B15D-57AD-4E58-A84A-D0FEED7735C4}.Debug|Any CPU.ActiveCfg = Debug|Any CPU
		{E490B15D-57AD-4E58-A84A-D0FEED7735C4}.Debug|Any CPU.Build.0 = Debug|Any CPU
		{E490B15D-57AD-4E58-A84A-D0FEED7735C4}.Release|Any CPU.ActiveCfg = Release|Any CPU
		{E490B15D-57AD-4E58-A84A-D0FEED7735C4}.Release|Any CPU.Build.0 = Release|Any CPU
		{E858F4C1-0AEA-47A5-9A8F-FBC59E7254E1}.Debug|Any CPU.ActiveCfg = Debug|Any CPU
		{E858F4C1-0AEA-47A5-9A8F-FBC59E7254E1}.Debug|Any CPU.Build.0 = Debug|Any CPU
		{E858F4C1-0AEA-47A5-9A8F-FBC59E7254E1}.Release|Any CPU.ActiveCfg = Release|Any CPU
		{E858F4C1-0AEA-47A5-9A8F-FBC59E7254E1}.Release|Any CPU.Build.0 = Release|Any CPU
		{F3BDBCBE-B6F2-4412-BCD4-3A3EA83A4BA7}.Debug|Any CPU.ActiveCfg = Debug|Any CPU
		{F3BDBCBE-B6F2-4412-BCD4-3A3EA83A4BA7}.Debug|Any CPU.Build.0 = Debug|Any CPU
		{F3BDBCBE-B6F2-4412-BCD4-3A3EA83A4BA7}.Release|Any CPU.ActiveCfg = Release|Any CPU
		{F3BDBCBE-B6F2-4412-BCD4-3A3EA83A4BA7}.Release|Any CPU.Build.0 = Release|Any CPU
		{D651E87B-80C7-4D99-BADE-1BF32C6F2FED}.Debug|Any CPU.ActiveCfg = Debug|Any CPU
		{D651E87B-80C7-4D99-BADE-1BF32C6F2FED}.Debug|Any CPU.Build.0 = Debug|Any CPU
		{D651E87B-80C7-4D99-BADE-1BF32C6F2FED}.Release|Any CPU.ActiveCfg = Release|Any CPU
		{D651E87B-80C7-4D99-BADE-1BF32C6F2FED}.Release|Any CPU.Build.0 = Release|Any CPU
		{23D7F9EB-A17A-473B-9978-9A2AAC6AB3B9}.Debug|Any CPU.ActiveCfg = Debug|Any CPU
		{23D7F9EB-A17A-473B-9978-9A2AAC6AB3B9}.Debug|Any CPU.Build.0 = Debug|Any CPU
		{23D7F9EB-A17A-473B-9978-9A2AAC6AB3B9}.Release|Any CPU.ActiveCfg = Release|Any CPU
		{23D7F9EB-A17A-473B-9978-9A2AAC6AB3B9}.Release|Any CPU.Build.0 = Release|Any CPU
		{CBE35140-A6D2-407A-83FA-671309F8B97E}.Debug|Any CPU.ActiveCfg = Debug|Any CPU
		{CBE35140-A6D2-407A-83FA-671309F8B97E}.Debug|Any CPU.Build.0 = Debug|Any CPU
		{CBE35140-A6D2-407A-83FA-671309F8B97E}.Release|Any CPU.ActiveCfg = Release|Any CPU
		{CBE35140-A6D2-407A-83FA-671309F8B97E}.Release|Any CPU.Build.0 = Release|Any CPU
		{47F83EBE-C616-4288-8A3A-8B2F08568C0A}.Debug|Any CPU.ActiveCfg = Debug|Any CPU
		{47F83EBE-C616-4288-8A3A-8B2F08568C0A}.Debug|Any CPU.Build.0 = Debug|Any CPU
		{47F83EBE-C616-4288-8A3A-8B2F08568C0A}.Release|Any CPU.ActiveCfg = Release|Any CPU
		{47F83EBE-C616-4288-8A3A-8B2F08568C0A}.Release|Any CPU.Build.0 = Release|Any CPU
		{CADAB839-56BE-4355-B22D-C7C2AF616F51}.Debug|Any CPU.ActiveCfg = Debug|Any CPU
		{CADAB839-56BE-4355-B22D-C7C2AF616F51}.Debug|Any CPU.Build.0 = Debug|Any CPU
		{CADAB839-56BE-4355-B22D-C7C2AF616F51}.Release|Any CPU.ActiveCfg = Release|Any CPU
		{CADAB839-56BE-4355-B22D-C7C2AF616F51}.Release|Any CPU.Build.0 = Release|Any CPU
		{81DDED9D-158B-E303-5F62-77A2896D2A5A}.Debug|Any CPU.ActiveCfg = Debug|Any CPU
		{81DDED9D-158B-E303-5F62-77A2896D2A5A}.Debug|Any CPU.Build.0 = Debug|Any CPU
		{81DDED9D-158B-E303-5F62-77A2896D2A5A}.Release|Any CPU.ActiveCfg = Release|Any CPU
		{81DDED9D-158B-E303-5F62-77A2896D2A5A}.Release|Any CPU.Build.0 = Release|Any CPU
	EndGlobalSection
	GlobalSection(SolutionProperties) = preSolution
		HideSolutionNode = FALSE
	EndGlobalSection
	GlobalSection(NestedProjects) = preSolution
		{2C800F99-DE3D-41B0-A818-623CF487D3BA} = {5370DF8D-B31E-4938-A5A4-4008A4D4D74A}
		{5370DF8D-B31E-4938-A5A4-4008A4D4D74A} = {02EA681E-C7D8-13C7-8484-4AC65E1B71E8}
		{7EB07EAF-81E2-4AF4-A1A8-21F83A374630} = {5370DF8D-B31E-4938-A5A4-4008A4D4D74A}
		{AC49A1B5-263E-42DE-8FFC-D7919F453148} = {5370DF8D-B31E-4938-A5A4-4008A4D4D74A}
		{817D11A4-7EA6-4F06-B3CC-2FC8898EF854} = {5370DF8D-B31E-4938-A5A4-4008A4D4D74A}
		{8EE17DB2-37A6-4465-9BF1-B70B6D4C9857} = {02EA681E-C7D8-13C7-8484-4AC65E1B71E8}
		{4466A454-5052-4CE4-9FC8-DCE0B92D94AA} = {02EA681E-C7D8-13C7-8484-4AC65E1B71E8}
		{CFFC4174-6BAA-4163-BED7-A0C8AF5686B6} = {02EA681E-C7D8-13C7-8484-4AC65E1B71E8}
		{87531728-8BFD-4ACF-9AAF-4356B5BA1937} = {02EA681E-C7D8-13C7-8484-4AC65E1B71E8}
		{B6742469-1A2B-4A19-B9F6-53A92B4C4B9F} = {87531728-8BFD-4ACF-9AAF-4356B5BA1937}
		{E5453EDF-9438-4F57-81CC-0E2BE4F7C4A2} = {87531728-8BFD-4ACF-9AAF-4356B5BA1937}
		{6124E910-2F1B-46C7-BB74-F3502ED13271} = {87531728-8BFD-4ACF-9AAF-4356B5BA1937}
		{DB94CF3E-C0E9-4662-A69A-655813D0E2A8} = {4466A454-5052-4CE4-9FC8-DCE0B92D94AA}
		{E490B15D-57AD-4E58-A84A-D0FEED7735C4} = {4466A454-5052-4CE4-9FC8-DCE0B92D94AA}
		{E858F4C1-0AEA-47A5-9A8F-FBC59E7254E1} = {87531728-8BFD-4ACF-9AAF-4356B5BA1937}
		{F3BDBCBE-B6F2-4412-BCD4-3A3EA83A4BA7} = {4466A454-5052-4CE4-9FC8-DCE0B92D94AA}
		{D651E87B-80C7-4D99-BADE-1BF32C6F2FED} = {CFFC4174-6BAA-4163-BED7-A0C8AF5686B6}
		{23D7F9EB-A17A-473B-9978-9A2AAC6AB3B9} = {CFFC4174-6BAA-4163-BED7-A0C8AF5686B6}
		{CBE35140-A6D2-407A-83FA-671309F8B97E} = {CFFC4174-6BAA-4163-BED7-A0C8AF5686B6}
		{47F83EBE-C616-4288-8A3A-8B2F08568C0A} = {CFFC4174-6BAA-4163-BED7-A0C8AF5686B6}
		{CADAB839-56BE-4355-B22D-C7C2AF616F51} = {4466A454-5052-4CE4-9FC8-DCE0B92D94AA}
		{81DDED9D-158B-E303-5F62-77A2896D2A5A} = {F47EBFFE-FE84-404C-88EE-A2FCE37F2146}
	EndGlobalSection
	GlobalSection(ExtensibilityGlobals) = postSolution
		SolutionGuid = {4BB17E6E-8206-4372-A6DD-49F9BFD30945}
	EndGlobalSection
EndGlobal
